Microsoft Visual Studio Solution File, Format Version 12.00
# Visual Studio Version 17
VisualStudioVersion = 17.5.2.0
MinimumVisualStudioVersion = 10.0.40219.1
Project("{FAE04EC0-301F-11D3-BF4B-00C04F79EFBC}") = "FinAssistAPI", "FinAssistAPI.csproj", "{680FDFF1-1B6B-ED4B-132A-ED1695A16BEF}"
EndProject
Global
	GlobalSection(SolutionConfigurationPlatforms) = preSolution
		Debug|Any CPU = Debug|Any CPU
		Release|Any CPU = Release|Any CPU
	EndGlobalSection
	GlobalSection(ProjectConfigurationPlatforms) = postSolution
		{680FDFF1-1B6B-ED4B-132A-ED1695A16BEF}.Debug|Any CPU.ActiveCfg = Debug|Any CPU
		{680FDFF1-1B6B-ED4B-132A-ED1695A16BEF}.Debug|Any CPU.Build.0 = Debug|Any CPU
		{680FDFF1-1B6B-ED4B-132A-ED1695A16BEF}.Release|Any CPU.ActiveCfg = Release|Any CPU
		{680FDFF1-1B6B-ED4B-132A-ED1695A16BEF}.Release|Any CPU.Build.0 = Release|Any CPU
	EndGlobalSection
	GlobalSection(SolutionProperties) = preSolution
		HideSolutionNode = FALSE
	EndGlobalSection
	GlobalSection(ExtensibilityGlobals) = postSolution
		SolutionGuid = {16277949-7C91-4548-A74E-4AD198C92C00}
	EndGlobalSection
EndGlobal
